PODS:
  - Ads-Global (7.8.5.8):
    - Ads-Global/BUAdSDK (= 7.8.5.8)
  - Ads-Global/BUAdSDK (7.8.5.8):
    - Ads-Global/PangleSDK
    - Ads-Global/TikTokBusinessSDK
  - Ads-Global/PangleSDK (7.8.5.8)
  - Ads-Global/TikTokBusinessSDK (7.8.5.8)
  - Alamofire (5.10.2)
  - AppLovinMediationBidMachineAdapter (3.5.0.0.0):
    - AppLovinSDK (>= 13.0.0)
    - BidMachine (= 3.5.0)
  - AppLovinMediationBigoAdsAdapter (5.1.0.0):
    - AppLovinSDK (>= 12.4.1)
    - BigoADS (= 5.1.0)
  - AppLovinMediationByteDanceAdapter (7.8.5.8.0):
    - Ads-Global (= 7.8.5.8)
    - AppLovinSDK (>= 13.0.0)
  - AppLovinMediationChartboostAdapter (9.10.0.0):
    - AppLovinSDK (>= 13.0.0)
    - ChartboostSDK (= 9.10.0)
  - AppLovinMediationFacebookAdapter (6.21.0.0):
    - AppLovinSDK (>= 13.0.0)
    - FBAudienceNetwork (= 6.21.0)
  - AppLovinMediationFyberAdapter (8.3.8.0):
    - AppLovinSDK (>= 13.0.0)
    - Fyber_Marketplace_SDK (= 8.3.8)
  - AppLovinMediationGoogleAdapter (12.11.0.0):
    - AppLovinSDK (>= 13.0.0)
    - Google-Mobile-Ads-SDK (= 12.11.0)
  - AppLovinMediationGoogleAdManagerAdapter (12.11.0.0):
    - AppLovinSDK (>= 13.0.0)
    - Google-Mobile-Ads-SDK (= 12.11.0)
  - AppLovinMediationInMobiAdapter (10.8.6.0):
    - AppLovinSDK (>= 13.0.0)
    - InMobiSDK (= 10.8.6)
  - AppLovinMediationIronSourceAdapter (8.11.0.0.0):
    - AppLovinSDK (>= 13.0.0)
    - IronSourceSDK/Ads (= 8.11.0.0)
  - AppLovinMediationLineAdapter (3.0.0.0):
    - AppLovinSDK (>= 13.0.0)
    - FiveAd (= 3.0.0)
  - AppLovinMediationMintegralAdapter (8.0.5.0.0):
    - AppLovinSDK (>= 13.0.0)
    - MintegralAdSDK (= 8.0.5)
    - MintegralAdSDK/BidSplashAd (= 8.0.5)
  - AppLovinMediationMobileFuseAdapter (1.11.0.0):
    - AppLovinSDK (>= 13.0.0)
    - MobileFuseSDK (= 1.11.0)
  - AppLovinMediationMolocoAdapter (4.3.0.0):
    - AppLovinSDK (>= 13.0.0)
    - MolocoSDKiOS (= 4.3.0)
  - AppLovinMediationSmaatoAdapter (23.1.0.0):
    - AppLovinSDK (>= 13.0.0)
    - smaato-ios-sdk (= 23.1.0)
    - smaato-ios-sdk/InApp (= 23.1.0)
  - AppLovinMediationUnityAdsAdapter (4.16.5.0):
    - AppLovinSDK (>= 13.0.0)
    - UnityAds (= 4.16.5)
  - AppLovinMediationVungleAdapter (7.6.3.1):
    - AppLovinSDK (>= 13.0.0)
    - VungleAds (= 7.6.3)
  - AppLovinSDK (13.4.0)
  - AppsFlyerFramework (6.17.6):
    - AppsFlyerFramework/Main (= 6.17.6)
  - AppsFlyerFramework/Main (6.17.6)
  - ATOM-Standalone (3.9.0)
  - BidMachine (3.5.0):
    - BidMachine/Static (= 3.5.0)
  - BidMachine/Static (3.5.0):
    - StackModules/Static (~> 3.4.0)
  - BigoADS (5.1.0)
  - ChartboostSDK (9.10.0)
  - CryptoSwift (1.8.4)
  - FBAudienceNetwork (6.21.0)
  - Firebase/Analytics (12.3.0):
    - Firebase/Core
  - Firebase/Core (12.3.0):
    - Firebase/CoreOnly
    - FirebaseAnalytics (~> 12.3.0)
  - Firebase/CoreOnly (12.3.0):
    - FirebaseCore (~> 12.3.0)
  - FirebaseABTesting (12.3.0):
    - FirebaseCore (~> 12.3.0)
  - FirebaseAnalytics (12.3.0):
    - FirebaseAnalytics/Default (= 12.3.0)
    - FirebaseCore (~> 12.3.0)
    - FirebaseInstallations (~> 12.3.0)
    - GoogleUtilities/AppDelegateSwizzler (~> 8.1)
    - GoogleUtilities/MethodSwizzler (~> 8.1)
    - GoogleUtilities/Network (~> 8.1)
    - "GoogleUtilities/NSData+zlib (~> 8.1)"
    - nanopb (~> 3.30910.0)
  - FirebaseAnalytics/Default (12.3.0):
    - FirebaseCore (~> 12.3.0)
    - FirebaseInstallations (~> 12.3.0)
    - GoogleAppMeasurement/Default (= 12.3.0)
    - GoogleUtilities/AppDelegateSwizzler (~> 8.1)
    - GoogleUtilities/MethodSwizzler (~> 8.1)
    - GoogleUtilities/Network (~> 8.1)
    - "GoogleUtilities/NSData+zlib (~> 8.1)"
    - nanopb (~> 3.30910.0)
  - FirebaseCore (12.3.0):
    - FirebaseCoreInternal (~> 12.3.0)
    - GoogleUtilities/Environment (~> 8.1)
    - GoogleUtilities/Logger (~> 8.1)
  - FirebaseCoreExtension (12.3.0):
    - FirebaseCore (~> 12.3.0)
  - FirebaseCoreInternal (12.3.0):
    - "GoogleUtilities/NSData+zlib (~> 8.1)"
  - FirebaseCrashlytics (12.3.0):
    - FirebaseCore (~> 12.3.0)
    - FirebaseInstallations (~> 12.3.0)
    - FirebaseRemoteConfigInterop (~> 12.3.0)
    - FirebaseSessions (~> 12.3.0)
    - GoogleDataTransport (~> 10.1)
    - GoogleUtilities/Environment (~> 8.1)
    - nanopb (~> 3.30910.0)
    - PromisesObjC (~> 2.4)
  - FirebaseInstallations (12.3.0):
    - FirebaseCore (~> 12.3.0)
    - GoogleUtilities/Environment (~> 8.1)
    - GoogleUtilities/UserDefaults (~> 8.1)
    - PromisesObjC (~> 2.4)
  - FirebaseRemoteConfig (12.3.0):
    - FirebaseABTesting (~> 12.3.0)
    - FirebaseCore (~> 12.3.0)
    - FirebaseInstallations (~> 12.3.0)
    - FirebaseRemoteConfigInterop (~> 12.3.0)
    - FirebaseSharedSwift (~> 12.3.0)
    - GoogleUtilities/Environment (~> 8.1)
    - "GoogleUtilities/NSData+zlib (~> 8.1)"
  - FirebaseRemoteConfigInterop (12.3.0)
  - FirebaseSessions (12.3.0):
    - FirebaseCore (~> 12.3.0)
    - FirebaseCoreExtension (~> 12.3.0)
    - FirebaseInstallations (~> 12.3.0)
    - GoogleDataTransport (~> 10.1)
    - GoogleUtilities/Environment (~> 8.1)
    - GoogleUtilities/UserDefaults (~> 8.1)
    - nanopb (~> 3.30910.0)
    - PromisesSwift (~> 2.1)
  - FirebaseSharedSwift (12.3.0)
  - FiveAd (3.0.0)
  - Fyber_Marketplace_SDK (8.3.8)
  - Google-Mobile-Ads-SDK (12.11.0):
    - GoogleUserMessagingPlatform (>= 1.1)
  - GoogleAdsOnDeviceConversion (3.0.0):
    - GoogleUtilities/Environment (~> 8.1)
    - GoogleUtilities/Logger (~> 8.1)
    - GoogleUtilities/Network (~> 8.1)
    - nanopb (~> 3.30910.0)
  - GoogleAppMeasurement/Core (12.3.0):
    - GoogleUtilities/AppDelegateSwizzler (~> 8.1)
    - GoogleUtilities/MethodSwizzler (~> 8.1)
    - GoogleUtilities/Network (~> 8.1)
    - "GoogleUtilities/NSData+zlib (~> 8.1)"
    - nanopb (~> 3.30910.0)
  - GoogleAppMeasurement/Default (12.3.0):
    - GoogleAdsOnDeviceConversion (~> 3.0.0)
    - GoogleAppMeasurement/Core (= 12.3.0)
    - GoogleAppMeasurement/IdentitySupport (= 12.3.0)
    - GoogleUtilities/AppDelegateSwizzler (~> 8.1)
    - GoogleUtilities/MethodSwizzler (~> 8.1)
    - GoogleUtilities/Network (~> 8.1)
    - "GoogleUtilities/NSData+zlib (~> 8.1)"
    - nanopb (~> 3.30910.0)
  - GoogleAppMeasurement/IdentitySupport (12.3.0):
    - GoogleAppMeasurement/Core (= 12.3.0)
    - GoogleUtilities/AppDelegateSwizzler (~> 8.1)
    - GoogleUtilities/MethodSwizzler (~> 8.1)
    - GoogleUtilities/Network (~> 8.1)
    - "GoogleUtilities/NSData+zlib (~> 8.1)"
    - nanopb (~> 3.30910.0)
  - GoogleDataTransport (10.1.0):
    - nanopb (~> 3.30910.0)
    - PromisesObjC (~> 2.4)
  - GoogleMobileAdsMediationAppLovin (13.4.0.0):
    - AppLovinSDK (= 13.4.0)
    - Google-Mobile-Ads-SDK (~> 12.0)
  - GoogleMobileAdsMediationChartboost (9.10.0.0):
    - ChartboostSDK (= 9.10.0)
    - Google-Mobile-Ads-SDK (~> 12.0)
  - GoogleMobileAdsMediationFacebook (6.21.0.1):
    - FBAudienceNetwork (= 6.21.0)
    - Google-Mobile-Ads-SDK (~> 12.0)
  - GoogleMobileAdsMediationFyber (8.3.8.0):
    - Fyber_Marketplace_SDK (= 8.3.8)
    - Google-Mobile-Ads-SDK (~> 12.0)
  - GoogleMobileAdsMediationIMobile (2.3.4.2):
    - Google-Mobile-Ads-SDK (~> 12.0)
    - ImobileSdkAds (= 2.3.4)
  - GoogleMobileAdsMediationInMobi (10.8.6.0):
    - Google-Mobile-Ads-SDK (~> 12.0)
    - InMobiSDK (= 10.8.6)
  - GoogleMobileAdsMediationIronSource (8.11.0.0.0):
    - Google-Mobile-Ads-SDK (~> 12.0)
    - IronSourceSDK (= 8.11.0.0)
  - GoogleMobileAdsMediationLine (3.0.0.0):
    - FiveAd (= 3.0.0)
    - Google-Mobile-Ads-SDK (~> 12.0)
  - GoogleMobileAdsMediationMaio (2.2.0.2):
    - Google-Mobile-Ads-SDK (~> 12.0)
    - MaioSDK-v2 (= 2.2.0)
  - GoogleMobileAdsMediationMintegral (8.0.5.2):
    - Google-Mobile-Ads-SDK (~> 12.0)
    - MintegralAdSDK/All (= 8.0.5)
  - GoogleMobileAdsMediationMoloco (4.3.0.1):
    - Google-Mobile-Ads-SDK (~> 12.0)
    - MolocoSDKiOS (= 4.3.0)
  - GoogleMobileAdsMediationMyTarget (5.38.0.0):
    - Google-Mobile-Ads-SDK (~> 12.0)
    - myTargetSDK (= 5.38.0)
  - GoogleMobileAdsMediationPangle (7.8.5.8.1):
    - Ads-Global (= 7.8.5.8)
    - Google-Mobile-Ads-SDK (~> 12.0)
  - GoogleMobileAdsMediationUnity (4.16.6.0):
    - Google-Mobile-Ads-SDK (~> 12.0)
    - UnityAds (= 4.16.5)
  - GoogleMobileAdsMediationVungle (7.6.3.2):
    - Google-Mobile-Ads-SDK (~> 12.0)
    - VungleAds (= 7.6.3)
  - GoogleUserMessagingPlatform (3.0.0)
  - GoogleUtilities/AppDelegateSwizzler (8.1.0):
    - GoogleUtilities/Environment
    - GoogleUtilities/Logger
    - GoogleUtilities/Network
    - GoogleUtilities/Privacy
  - GoogleUtilities/Environment (8.1.0):
    - GoogleUtilities/Privacy
  - GoogleUtilities/Logger (8.1.0):
    - GoogleUtilities/Environment
    - GoogleUtilities/Privacy
  - GoogleUtilities/MethodSwizzler (8.1.0):
    - GoogleUtilities/Logger
    - GoogleUtilities/Privacy
  - GoogleUtilities/Network (8.1.0):
    - GoogleUtilities/Logger
    - "GoogleUtilities/NSData+zlib"
    - GoogleUtilities/Privacy
    - GoogleUtilities/Reachability
  - "GoogleUtilities/NSData+zlib (8.1.0)":
    - GoogleUtilities/Privacy
  - GoogleUtilities/Privacy (8.1.0)
  - GoogleUtilities/Reachability (8.1.0):
    - GoogleUtilities/Logger
    - GoogleUtilities/Privacy
  - GoogleUtilities/UserDefaults (8.1.0):
    - GoogleUtilities/Logger
    - GoogleUtilities/Privacy
  - HandyJSON (5.0.2)
  - ImobileSdkAds (2.3.4)
  - InMobiSDK (10.8.6)
  - IQKeyboardCore (1.0.8)
  - IQKeyboardManagerSwift (8.0.1):
    - IQKeyboardManagerSwift/Appearance (= 8.0.1)
    - IQKeyboardManagerSwift/Core (= 8.0.1)
    - IQKeyboardManagerSwift/IQKeyboardReturnManager (= 8.0.1)
    - IQKeyboardManagerSwift/IQKeyboardToolbarManager (= 8.0.1)
    - IQKeyboardManagerSwift/IQTextView (= 8.0.1)
    - IQKeyboardManagerSwift/Resign (= 8.0.1)
  - IQKeyboardManagerSwift/Appearance (8.0.1):
    - IQKeyboardManagerSwift/Core
  - IQKeyboardManagerSwift/Core (8.0.1):
    - IQKeyboardNotification
    - IQTextInputViewNotification
  - IQKeyboardManagerSwift/IQKeyboardReturnManager (8.0.1):
    - IQKeyboardReturnManager
  - IQKeyboardManagerSwift/IQKeyboardToolbarManager (8.0.1):
    - IQKeyboardManagerSwift/Core
    - IQKeyboardToolbarManager
  - IQKeyboardManagerSwift/IQTextView (8.0.1):
    - IQTextView
  - IQKeyboardManagerSwift/Resign (8.0.1):
    - IQKeyboardManagerSwift/Core
  - IQKeyboardNotification (1.0.3)
  - IQKeyboardReturnManager (1.0.6):
    - IQKeyboardCore
  - IQKeyboardToolbar (1.1.2):
    - IQKeyboardToolbar/Core (= 1.1.2)
  - IQKeyboardToolbar/Core (1.1.2):
    - IQKeyboardCore
    - IQKeyboardToolbar/Placeholderable
  - IQKeyboardToolbar/Placeholderable (1.1.2)
  - IQKeyboardToolbarManager (1.1.3):
    - IQKeyboardToolbar
    - IQTextInputViewNotification
  - IQTextInputViewNotification (1.0.8):
    - IQKeyboardCore
  - IQTextView (1.0.5):
    - IQKeyboardToolbar/Placeholderable
  - IronSourceAdQualitySDK (7.26.2)
  - IronSourceSDK (8.11.0.0):
    - IronSourceSDK/AdQuality (= 8.11.0.0)
    - IronSourceSDK/Ads (= 8.11.0.0)
  - IronSourceSDK/AdQuality (8.11.0.0):
    - IronSourceAdQualitySDK (~> 7.26.1)
  - IronSourceSDK/Ads (8.11.0.0)
  - Kingfisher (8.5.0)
  - MaioSDK-v2 (2.2.0)
  - MintegralAdSDK (8.0.5):
    - MintegralAdSDK/BannerAd (= 8.0.5)
    - MintegralAdSDK/BidBannerAd (= 8.0.5)
    - MintegralAdSDK/BidInterstitialVideoAd (= 8.0.5)
    - MintegralAdSDK/BidNativeAd (= 8.0.5)
    - MintegralAdSDK/BidNewInterstitialAd (= 8.0.5)
    - MintegralAdSDK/BidRewardVideoAd (= 8.0.5)
    - MintegralAdSDK/InterstitialVideoAd (= 8.0.5)
    - MintegralAdSDK/NativeAd (= 8.0.5)
    - MintegralAdSDK/NewInterstitialAd (= 8.0.5)
    - MintegralAdSDK/RewardVideoAd (= 8.0.5)
  - MintegralAdSDK/All (8.0.5):
    - MintegralAdSDK/BannerAd
    - MintegralAdSDK/BidNativeAd
    - MintegralAdSDK/InterstitialVideoAd
    - MintegralAdSDK/NativeAd
    - MintegralAdSDK/NativeAdvancedAd
    - MintegralAdSDK/NewInterstitialAd
    - MintegralAdSDK/RewardVideoAd
    - MintegralAdSDK/SplashAd
  - MintegralAdSDK/BannerAd (8.0.5):
    - MintegralAdSDK/NativeAd
  - MintegralAdSDK/BidBannerAd (8.0.5):
    - MintegralAdSDK/BannerAd
    - MintegralAdSDK/BidNativeAd
  - MintegralAdSDK/BidInterstitialVideoAd (8.0.5):
    - MintegralAdSDK/BidNativeAd
    - MintegralAdSDK/InterstitialVideoAd
  - MintegralAdSDK/BidNativeAd (8.0.5):
    - MintegralAdSDK/NativeAd
  - MintegralAdSDK/BidNewInterstitialAd (8.0.5):
    - MintegralAdSDK/BidNativeAd
    - MintegralAdSDK/NewInterstitialAd
  - MintegralAdSDK/BidRewardVideoAd (8.0.5):
    - MintegralAdSDK/BidNativeAd
    - MintegralAdSDK/RewardVideoAd
  - MintegralAdSDK/BidSplashAd (8.0.5):
    - MintegralAdSDK/BidNativeAd
    - MintegralAdSDK/SplashAd
  - MintegralAdSDK/InterstitialVideoAd (8.0.5):
    - MintegralAdSDK/NativeAd
  - MintegralAdSDK/NativeAd (8.0.5)
  - MintegralAdSDK/NativeAdvancedAd (8.0.5):
    - MintegralAdSDK/NativeAd
  - MintegralAdSDK/NewInterstitialAd (8.0.5):
    - MintegralAdSDK/InterstitialVideoAd
    - MintegralAdSDK/NativeAd
  - MintegralAdSDK/RewardVideoAd (8.0.5):
    - MintegralAdSDK/NativeAd
  - MintegralAdSDK/SplashAd (8.0.5):
    - MintegralAdSDK/NativeAd
  - MJRefresh (3.7.9)
  - MobileFuseSDK (1.11.0)
  - MolocoSDKiOS (4.3.0)
  - myTargetSDK (5.38.0):
    - myTrackerSDK (~> 3.3.0)
  - myTrackerSDK (3.3.0)
  - nanopb (3.30910.0):
    - nanopb/decode (= 3.30910.0)
    - nanopb/encode (= 3.30910.0)
  - nanopb/decode (3.30910.0)
  - nanopb/encode (3.30910.0)
  - OMSDK_Appodeal/Static (1.6.0.3)
  - PromisesObjC (2.4.0)
  - PromisesSwift (2.4.0):
    - PromisesObjC (= 2.4.0)
  - Realm (20.0.3):
    - Realm/Headers (= 20.0.3)
  - Realm/Headers (20.0.3)
  - RealmSwift (20.0.3):
    - Realm (= 20.0.3)
  - smaato-ios-sdk (23.1.0):
    - smaato-ios-sdk/Full (= 23.1.0)
  - smaato-ios-sdk/Banner (23.1.0):
    - smaato-ios-sdk/InApp
    - smaato-ios-sdk/Modules/Banner
    - smaato-ios-sdk/Modules/Core
  - smaato-ios-sdk/Full (23.1.0):
    - smaato-ios-sdk/Banner
    - smaato-ios-sdk/Interstitial
    - smaato-ios-sdk/Native
    - smaato-ios-sdk/RewardedAds
  - smaato-ios-sdk/InApp (23.1.0):
    - smaato-ios-sdk/Modules/Core
  - smaato-ios-sdk/Interstitial (23.1.0):
    - smaato-ios-sdk/InApp
    - smaato-ios-sdk/Modules/Interstitial
  - smaato-ios-sdk/Modules/Banner (23.1.0):
    - smaato-ios-sdk/Modules/Core
  - smaato-ios-sdk/Modules/Core (23.1.0):
    - ATOM-Standalone
  - smaato-ios-sdk/Modules/Interstitial (23.1.0):
    - smaato-ios-sdk/Modules/Core
  - smaato-ios-sdk/Modules/Native (23.1.0):
    - smaato-ios-sdk/Modules/Core
  - smaato-ios-sdk/Modules/RewardedAds (23.1.0):
    - smaato-ios-sdk/Modules/Core
  - smaato-ios-sdk/Native (23.1.0):
    - smaato-ios-sdk/InApp
    - smaato-ios-sdk/Modules/Core
    - smaato-ios-sdk/Modules/Native
  - smaato-ios-sdk/RewardedAds (23.1.0):
    - smaato-ios-sdk/InApp
    - smaato-ios-sdk/Modules/RewardedAds
  - SnapKit (5.7.1)
  - StackModules/Core-Static (3.4.7)
  - StackModules/ProductPresentation-Static (3.4.7):
    - StackModules/Core-Static
  - StackModules/Rendering-Static (3.4.7):
    - OMSDK_Appodeal/Static (= 1.6.0.3)
    - StackModules/Core-Static
    - StackModules/ProductPresentation-Static
  - StackModules/Static (3.4.7):
    - StackModules/Core-Static
    - StackModules/ProductPresentation-Static
    - StackModules/Rendering-Static
  - UnityAds (4.16.5)
  - VungleAds (7.6.3)

DEPENDENCIES:
  - Alamofire
  - AppLovinMediationBidMachineAdapter (= 3.5.0.0.0)
  - AppLovinMediationBigoAdsAdapter
  - AppLovinMediationByteDanceAdapter
  - AppLovinMediationChartboostAdapter
  - AppLovinMediationFacebookAdapter
  - AppLovinMediationFyberAdapter
  - AppLovinMediationGoogleAdapter
  - AppLovinMediationGoogleAdManagerAdapter
  - AppLovinMediationInMobiAdapter
  - AppLovinMediationIronSourceAdapter
  - AppLovinMediationLineAdapter
  - AppLovinMediationMintegralAdapter
  - AppLovinMediationMobileFuseAdapter
  - AppLovinMediationMolocoAdapter
  - AppLovinMediationSmaatoAdapter
  - AppLovinMediationUnityAdsAdapter
  - AppLovinMediationVungleAdapter
  - AppLovinSDK
  - AppsFlyerFramework
  - CryptoSwift
  - Firebase/Analytics
  - FirebaseCrashlytics
  - FirebaseRemoteConfig
  - Google-Mobile-Ads-SDK
  - GoogleMobileAdsMediationAppLovin
  - GoogleMobileAdsMediationChartboost
  - GoogleMobileAdsMediationFacebook
  - GoogleMobileAdsMediationFyber
  - GoogleMobileAdsMediationIMobile
  - GoogleMobileAdsMediationInMobi
  - GoogleMobileAdsMediationIronSource
  - GoogleMobileAdsMediationLine
  - GoogleMobileAdsMediationMaio
  - GoogleMobileAdsMediationMintegral
  - GoogleMobileAdsMediationMoloco
  - GoogleMobileAdsMediationMyTarget
  - GoogleMobileAdsMediationPangle
  - GoogleMobileAdsMediationUnity
  - GoogleMobileAdsMediationVungle
  - HandyJSON
  - IQKeyboardManagerSwift
  - Kingfisher
  - MJRefresh
  - RealmSwift
  - SnapKit

SPEC REPOS:
  trunk:
    - Ads-Global
    - Alamofire
    - AppLovinMediationBidMachineAdapter
    - AppLovinMediationBigoAdsAdapter
    - AppLovinMediationByteDanceAdapter
    - AppLovinMediationChartboostAdapter
    - AppLovinMediationFacebookAdapter
    - AppLovinMediationFyberAdapter
    - AppLovinMediationGoogleAdapter
    - AppLovinMediationGoogleAdManagerAdapter
    - AppLovinMediationInMobiAdapter
    - AppLovinMediationIronSourceAdapter
    - AppLovinMediationLineAdapter
    - AppLovinMediationMintegralAdapter
    - AppLovinMediationMobileFuseAdapter
    - AppLovinMediationMolocoAdapter
    - AppLovinMediationSmaatoAdapter
    - AppLovinMediationUnityAdsAdapter
    - AppLovinMediationVungleAdapter
    - AppLovinSDK
    - AppsFlyerFramework
    - ATOM-Standalone
    - BidMachine
    - BigoADS
    - ChartboostSDK
    - CryptoSwift
    - FBAudienceNetwork
    - Firebase
    - FirebaseABTesting
    - FirebaseAnalytics
    - FirebaseCore
    - FirebaseCoreExtension
    - FirebaseCoreInternal
    - FirebaseCrashlytics
    - FirebaseInstallations
    - FirebaseRemoteConfig
    - FirebaseRemoteConfigInterop
    - FirebaseSessions
    - FirebaseSharedSwift
    - FiveAd
    - Fyber_Marketplace_SDK
    - Google-Mobile-Ads-SDK
    - GoogleAdsOnDeviceConversion
    - GoogleAppMeasurement
    - GoogleDataTransport
    - GoogleMobileAdsMediationAppLovin
    - GoogleMobileAdsMediationChartboost
    - GoogleMobileAdsMediationFacebook
    - GoogleMobileAdsMediationFyber
    - GoogleMobileAdsMediationIMobile
    - GoogleMobileAdsMediationInMobi
    - GoogleMobileAdsMediationIronSource
    - GoogleMobileAdsMediationLine
    - GoogleMobileAdsMediationMaio
    - GoogleMobileAdsMediationMintegral
    - GoogleMobileAdsMediationMoloco
    - GoogleMobileAdsMediationMyTarget
    - GoogleMobileAdsMediationPangle
    - GoogleMobileAdsMediationUnity
    - GoogleMobileAdsMediationVungle
    - GoogleUserMessagingPlatform
    - GoogleUtilities
    - HandyJSON
    - ImobileSdkAds
    - InMobiSDK
    - IQKeyboardCore
    - IQKeyboardManagerSwift
    - IQKeyboardNotification
    - IQKeyboardReturnManager
    - IQKeyboardToolbar
    - IQKeyboardToolbarManager
    - IQTextInputViewNotification
    - IQTextView
    - IronSourceAdQualitySDK
    - IronSourceSDK
    - Kingfisher
    - MaioSDK-v2
    - MintegralAdSDK
    - MJRefresh
    - MobileFuseSDK
    - MolocoSDKiOS
    - myTargetSDK
    - myTrackerSDK
    - nanopb
    - OMSDK_Appodeal
    - PromisesObjC
    - PromisesSwift
    - Realm
    - RealmSwift
    - smaato-ios-sdk
    - SnapKit
    - StackModules
    - UnityAds
    - VungleAds

SPEC CHECKSUMS:
  Ads-Global: be1d072a85695a685b3f9cd0b79da411ee195969
  Alamofire: 7193b3b92c74a07f85569e1a6c4f4237291e7496
  AppLovinMediationBidMachineAdapter: 9c4c1fb29dee235a5b8b209602534ffe12bfc52a
  AppLovinMediationBigoAdsAdapter: 6990711409cbc107bb686f25b052f0461c36b669
  AppLovinMediationByteDanceAdapter: c7f5e0a0e8545e958bc4f81da70c5e2ceb0c1cc5
  AppLovinMediationChartboostAdapter: cc32d1dbc020c1237fb65607a3144358ec7c9f24
  AppLovinMediationFacebookAdapter: 228611db1f86884d61c0f06bef0af0983d7e2eba
  AppLovinMediationFyberAdapter: e2f031599ed2bcfe71af54ba87a929610308338f
  AppLovinMediationGoogleAdapter: 7974f784ae6ac93739222343c0c1c01110a13e34
  AppLovinMediationGoogleAdManagerAdapter: 9737e973a85c5d1bfc01fe12e33ad838799f1243
  AppLovinMediationInMobiAdapter: 4699701fa946b78151dc5aa0394cc1feda249809
  AppLovinMediationIronSourceAdapter: 5a970d97567bc5576bd963a83fc4465c0fada0a9
  AppLovinMediationLineAdapter: 793b430b5cce687e7176e53f4169826c861dfe66
  AppLovinMediationMintegralAdapter: 7db2190cc4e0fa6cd2d4f952ecd81ef13f811433
  AppLovinMediationMobileFuseAdapter: 2389e6f3c367abfd48770785586f8539e17e41f5
  AppLovinMediationMolocoAdapter: c1f6efff3dc92344d682c34838aa1280000e2c8d
  AppLovinMediationSmaatoAdapter: 33718c19b4957d850702aac2ab07f78c197437f8
  AppLovinMediationUnityAdsAdapter: 5ae32d0d4635fde3eb76457b4bdfde578b6aabee
  AppLovinMediationVungleAdapter: 3d37db4bdea7c6ec087724a4052209aeca738ea1
  AppLovinSDK: 33fcc783889e2d522ae26886b31e5551246a5b2f
  AppsFlyerFramework: c2a11846e1f716132449810e0fb5f191f4f1bf4c
  ATOM-Standalone: cd8bed8eb43e48d0f2e778aa0db893cb7f8ceb93
  BidMachine: 7722254fdf6641a354ceef845bcb6cc3ff8dc0f3
  BigoADS: a7721b65e51f506141d5f1a6dff1cab213b04c76
  ChartboostSDK: 486aea4d9ab63d7700e9296578142010fd686754
  CryptoSwift: e64e11850ede528a02a0f3e768cec8e9d92ecb90
  FBAudienceNetwork: f4ab9e073ab98c884dbdb5ffe7c861272b380bc2
  Firebase: f5439b235721ceeef14ca1f327c0da8e4e8556b5
  FirebaseABTesting: 6e748dfecb81a49539c030adb5b12263acf62865
  FirebaseAnalytics: fefb765365c6d3a4f2cb9d2c99dcf595124d41ae
  FirebaseCore: ff47fe1ad3ab9ef66edd3e8bc4647b493d2067f8
  FirebaseCoreExtension: 898ca55c7cb126f83747b32cb0daa95394b10853
  FirebaseCoreInternal: a9e1ff270f217489d9258563b693d11a312903bf
  FirebaseCrashlytics: a2a9947c0c265575a98213e7c25b0d777f6921b3
  FirebaseInstallations: ca48ec60ea51b66b9f214a91847ea3720cde97f5
  FirebaseRemoteConfig: 4f4785cfc62e3e3b2f3715d1b7e41ade5ac0419e
  FirebaseRemoteConfigInterop: 66d61ad6cee1cd2137cb8dedf468112e9ba92c6a
  FirebaseSessions: 352b204966530e5cb7036c02d8c366922210e681
  FirebaseSharedSwift: a08758c5e2617f3ebb47865b45ecca6f02cd35ea
  FiveAd: 16fac25b6d3efe14b55585e68e6c01dec1f10abc
  Fyber_Marketplace_SDK: 078ce5d06cee765bc822ace5c231af7a17e8dcd1
  Google-Mobile-Ads-SDK: b833c723759e32bbaf06edaaf2293f08ed898232
  GoogleAdsOnDeviceConversion: b4fcc557983271d53177d75ddf704c025791d261
  GoogleAppMeasurement: 9074f50943fe26a7829be3a2b0043270ad935b9e
  GoogleDataTransport: aae35b7ea0c09004c3797d53c8c41f66f219d6a7
  GoogleMobileAdsMediationAppLovin: 604d93a0913908be064558a90170004f35b57a96
  GoogleMobileAdsMediationChartboost: bb841004669d696ecdb2764f299bbfaa40fbecf7
  GoogleMobileAdsMediationFacebook: a8379733e6e593e9a5ea278bdc16e747ec952a18
  GoogleMobileAdsMediationFyber: 4478e63584d8a2555b2dea6ab9a000533355fe8f
  GoogleMobileAdsMediationIMobile: 6c5652c640095377c00cbe6c356f8b56201b9371
  GoogleMobileAdsMediationInMobi: 1b9a223c4626924777d2be734e43da5d85fa8a59
  GoogleMobileAdsMediationIronSource: 38f21bbcf729b208e63f43b757b61b2c8e0c7ad4
  GoogleMobileAdsMediationLine: d92ef4bee9186492687a9475c92cd320f5166f1d
  GoogleMobileAdsMediationMaio: 99f28abc413571e03d997ef2c2b3878a18eb9453
  GoogleMobileAdsMediationMintegral: 6937634be2fd5aeec0c738374fb8397d8f76f26d
  GoogleMobileAdsMediationMoloco: 86e1afd6e729d9c8b52f08a9e39b442bff5fdcb7
  GoogleMobileAdsMediationMyTarget: faf2790bbe46e386c321705bebfb590b80001f24
  GoogleMobileAdsMediationPangle: e6744bb937ded6c482fa6c944e89bf006daa730f
  GoogleMobileAdsMediationUnity: 85fd40e2b42371341446745899e2963faaaaaba9
  GoogleMobileAdsMediationVungle: 9e186cd0aa6b6d9e6a87bf44485061209cca2707
  GoogleUserMessagingPlatform: f8d0cdad3ca835406755d0a69aa634f00e76d576
  GoogleUtilities: 00c88b9a86066ef77f0da2fab05f65d7768ed8e1
  HandyJSON: 9e4e236f5d2dbefad5155a77417bbea438201c03
  ImobileSdkAds: e4973cbf33dfd044a7f76ab97238ad5b3bccb72a
  InMobiSDK: a6e7bfbecb698c83183f42c5a3cfa1ac52f16bff
  IQKeyboardCore: 8652977ec919cf5351aa2977fedd1a6546476fbc
  IQKeyboardManagerSwift: 835fc9c6e4732398113406d84900ad2e8f141218
  IQKeyboardNotification: d7382c4466c5a5adef92c7452ebf861b36050088
  IQKeyboardReturnManager: fcbf51fc68d7536fc1fbcca5231c4e82576b12ac
  IQKeyboardToolbar: a8aab764a27d55892b951e58ebfffdde14a01ce8
  IQKeyboardToolbarManager: 6c693c8478d6327a7ef2107528d29698b3514dbb
  IQTextInputViewNotification: f5e954d8881fd9808b744e49e024cc0d4bcfe572
  IQTextView: ae13b4922f22e6f027f62c557d9f4f236b19d5c7
  IronSourceAdQualitySDK: 03888a0ac60e1f24ff6277672c3184f00813af64
  IronSourceSDK: 32eeb199f608b590112a8263028a485e50f8d1b7
  Kingfisher: ff0d31a1f07bdff6a1ebb3ba08b8e6e567b6500c
  MaioSDK-v2: 566025577e43c02a8325dd9913d79ff242c6fd30
  MintegralAdSDK: 07ff43683ce5ee0c9a394abba6dd79620c775555
  MJRefresh: ff9e531227924c84ce459338414550a05d2aea78
  MobileFuseSDK: 08da0fcba90e7c208e2817f6964ff4f15bd6f285
  MolocoSDKiOS: c2800326280d78aa3a7914f4e474024272891b85
  myTargetSDK: c761a9b66095dda4a510bd17b2e97a54edb466fc
  myTrackerSDK: 50f2ca5ca7a6aec2661f378b7441a85e15f2af29
  nanopb: fad817b59e0457d11a5dfbde799381cd727c1275
  OMSDK_Appodeal: 907fdbc78ac0c6dfccb14b69a81302899dc536c9
  PromisesObjC: f5707f49cb48b9636751c5b2e7d227e43fba9f47
  PromisesSwift: 9d77319bbe72ebf6d872900551f7eeba9bce2851
  Realm: 853e5089d6042dff807bda000277eadfe2da93d2
  RealmSwift: f33c19577cefcbf681345d721fcbc7b42be4c949
  smaato-ios-sdk: 88d31a457defbdd6c90baa5ec65d1a2aac5ad7e9
  SnapKit: d612e99e678a2d3b95bf60b0705ed0a35c03484a
  StackModules: 53abb3789ff65603857a7157efaac07e860cb34d
  UnityAds: 8b9e0ecf7c4aa7334d15f81efb58db279e28f502
  VungleAds: 40e87d1eaba17ac818b0f94461fd8ed21ad768dc

PODFILE CHECKSUM: eb6f4b85b42e2360ba732c123908c15b3bbf6b62

COCOAPODS: 1.16.2
